
Microsoft Visual Studio Solution File, Format Version 12.00
# Visual Studio Express 2013 for Windows Desktop
VisualStudioVersion = 12.0.30723.0
MinimumVisualStudioVersion = 10.0.40219.1
Project("{FAE04EC0-301F-11D3-BF4B-00C04F79EFBC}") = "VVVV.Mirage.Nodes", "Nodes\VVVV.Mirage.Nodes\VVVV.Mirage.Nodes.csproj", "{5F8ACE45-BE76-4BD7-988D-50628F927B12}"
	ProjectSection(ProjectDependencies) = postProject
		{5A6B9C7D-33AD-4547-8083-151A95166EF9} = {5A6B9C7D-33AD-4547-8083-151A95166EF9}
	EndProjectSection
EndProject
Project("{FAE04EC0-301F-11D3-BF4B-00C04F79EFBC}") = "VVVV.Mirage.Core", "Core\VVVV.Mirage.Core\VVVV.Mirage.Core.csproj", "{5A6B9C7D-33AD-4547-8083-151A95166EF9}"
EndProject
Global
	GlobalSection(SolutionConfigurationPlatforms) = preSolution
		Debug|Any CPU = Debug|Any CPU
		Debug|Mixed Platforms = Debug|Mixed Platforms
		Debug|x64 = Debug|x64
		Debug|x86 = Debug|x86
		Release|Any CPU = Release|Any CPU
		Release|Mixed Platforms = Release|Mixed Platforms
		Release|x64 = Release|x64
		Release|x86 = Release|x86
	EndGlobalSection
	GlobalSection(ProjectConfigurationPlatforms) = postSolution
		{5F8ACE45-BE76-4BD7-988D-50628F927B12}.Debug|Any CPU.ActiveCfg = Debug|Any CPU
		{5F8ACE45-BE76-4BD7-988D-50628F927B12}.Debug|Any CPU.Build.0 = Debug|Any CPU
		{5F8ACE45-BE76-4BD7-988D-50628F927B12}.Debug|Mixed Platforms.ActiveCfg = Debug|Any CPU
		{5F8ACE45-BE76-4BD7-988D-50628F927B12}.Debug|Mixed Platforms.Build.0 = Debug|Any CPU
		{5F8ACE45-BE76-4BD7-988D-50628F927B12}.Debug|x64.ActiveCfg = Debug|x64
		{5F8ACE45-BE76-4BD7-988D-50628F927B12}.Debug|x64.Build.0 = Debug|x64
		{5F8ACE45-BE76-4BD7-988D-50628F927B12}.Debug|x86.ActiveCfg = Debug|x86
		{5F8ACE45-BE76-4BD7-988D-50628F927B12}.Debug|x86.Build.0 = Debug|x86
		{5F8ACE45-BE76-4BD7-988D-50628F927B12}.Release|Any CPU.ActiveCfg = Release|Any CPU
		{5F8ACE45-BE76-4BD7-988D-50628F927B12}.Release|Any CPU.Build.0 = Release|Any CPU
		{5F8ACE45-BE76-4BD7-988D-50628F927B12}.Release|Mixed Platforms.ActiveCfg = Release|Any CPU
		{5F8ACE45-BE76-4BD7-988D-50628F927B12}.Release|Mixed Platforms.Build.0 = Release|Any CPU
		{5F8ACE45-BE76-4BD7-988D-50628F927B12}.Release|x64.ActiveCfg = Release|x64
		{5F8ACE45-BE76-4BD7-988D-50628F927B12}.Release|x64.Build.0 = Release|x64
		{5F8ACE45-BE76-4BD7-988D-50628F927B12}.Release|x86.ActiveCfg = Release|x86
		{5F8ACE45-BE76-4BD7-988D-50628F927B12}.Release|x86.Build.0 = Release|x86
		{5A6B9C7D-33AD-4547-8083-151A95166EF9}.Debug|Any CPU.ActiveCfg = Debug|Any CPU
		{5A6B9C7D-33AD-4547-8083-151A95166EF9}.Debug|Any CPU.Build.0 = Debug|Any CPU
		{5A6B9C7D-33AD-4547-8083-151A95166EF9}.Debug|Mixed Platforms.ActiveCfg = Debug|Any CPU
		{5A6B9C7D-33AD-4547-8083-151A95166EF9}.Debug|Mixed Platforms.Build.0 = Debug|Any CPU
		{5A6B9C7D-33AD-4547-8083-151A95166EF9}.Debug|x64.ActiveCfg = Debug|x64
		{5A6B9C7D-33AD-4547-8083-151A95166EF9}.Debug|x64.Build.0 = Debug|x64
		{5A6B9C7D-33AD-4547-8083-151A95166EF9}.Debug|x86.ActiveCfg = Debug|x86
		{5A6B9C7D-33AD-4547-8083-151A95166EF9}.Debug|x86.Build.0 = Debug|x86
		{5A6B9C7D-33AD-4547-8083-151A95166EF9}.Release|Any CPU.ActiveCfg = Release|Any CPU
		{5A6B9C7D-33AD-4547-8083-151A95166EF9}.Release|Any CPU.Build.0 = Release|Any CPU
		{5A6B9C7D-33AD-4547-8083-151A95166EF9}.Release|Mixed Platforms.ActiveCfg = Release|Any CPU
		{5A6B9C7D-33AD-4547-8083-151A95166EF9}.Release|Mixed Platforms.Build.0 = Release|Any CPU
		{5A6B9C7D-33AD-4547-8083-151A95166EF9}.Release|x64.ActiveCfg = Release|x64
		{5A6B9C7D-33AD-4547-8083-151A95166EF9}.Release|x64.Build.0 = Release|x64
		{5A6B9C7D-33AD-4547-8083-151A95166EF9}.Release|x86.ActiveCfg = Release|x86
		{5A6B9C7D-33AD-4547-8083-151A95166EF9}.Release|x86.Build.0 = Release|x86
	EndGlobalSection
	GlobalSection(SolutionProperties) = preSolution
		HideSolutionNode = FALSE
	EndGlobalSection
EndGlobal
